version: 6
environments:
  default:
    channels:
    - url: https://conda.anaconda.org/conda-forge/
    options:
      pypi-prerelease-mode: if-necessary-or-explicit
    packages:
      osx-arm64:
      - conda: https://conda.anaconda.org/conda-forge/noarch/ca-certificates-2026.2.25-hbd8a1cb_0.conda
      - conda: https://conda.anaconda.org/conda-forge/osx-arm64/oniguruma-6.9.10-h5505292_0.conda
      - conda: https://conda.anaconda.org/conda-forge/osx-arm64/openssl-3.6.1-hd24854e_1.conda
      - conda: https://conda.anaconda.org/conda-forge/osx-arm64/zola-0.22.1-h17e24d4_0.conda
packages:
- conda: https://conda.anaconda.org/conda-forge/noarch/ca-certificates-2026.2.25-hbd8a1cb_0.conda
  sha256: 67cc7101b36421c5913a1687ef1b99f85b5d6868da3abbf6ec1a4181e79782fc
  md5: 4492fd26db29495f0ba23f146cd5638d
  depends:
  - __unix
  license: ISC
  size: 147413
  timestamp: 1772006283803
- conda: https://conda.anaconda.org/conda-forge/osx-arm64/oniguruma-6.9.10-h5505292_0.conda
  sha256: cedcd880e316240cbb35a1275990bfed1da36dba4a4f714edf95237f03d48665
  md5: 045afd0b8e35a71bfbe95345146592c4
  depends:
  - __osx >=11.0
  license: BSD-2-Clause
  license_family: BSD
  size: 223354
  timestamp: 1735727101839
- conda: https://conda.anaconda.org/conda-forge/osx-arm64/openssl-3.6.1-hd24854e_1.conda
  sha256: 361f5c5e60052abc12bdd1b50d7a1a43e6a6653aab99a2263bf2288d709dcf67
  md5: f4f6ad63f98f64191c3e77c5f5f29d76
  depends:
  - __osx >=11.0
  - ca-certificates
  license: Apache-2.0
  license_family: Apache
  size: 3104268
  timestamp: 1769556384749
- conda: https://conda.anaconda.org/conda-forge/osx-arm64/zola-0.22.1-h17e24d4_0.conda
  sha256: c2142943cb8617eef7becef4a90b1025f44f5f2e154a262f0cccc4ab69173345
  md5: 946a2fd92f1f6f8a4845a77d7cae5935
  depends:
  - __osx >=11.0
  - oniguruma >=6.9.10,<6.10.0a0
  - openssl >=3.5.4,<4.0a0
  constrains:
  - __osx >=11.0
  license: MIT
  license_family: MIT
  size: 11406719
  timestamp: 1769257769321
